
Microsoft Visual Studio Solution File, Format Version 12.00
# Visual Studio Version 16
VisualStudioVersion = 16.0.30804.86
MinimumVisualStudioVersion = 10.0.40219.1
Project("{FAE04EC0-301F-11D3-BF4B-00C04F79EFBC}") = "APICore", "APICore\APICore.csproj", "{3557B2E8-D9A5-452E-AE65-36B287B22F61}"
EndProject
Project("{FAE04EC0-301F-11D3-BF4B-00C04F79EFBC}") = "Servico", "Servico\Servico.csproj", "{B5D5BDAE-B7AC-421F-B15E-ACF962C3F830}"
EndProject
Project("{FAE04EC0-301F-11D3-BF4B-00C04F79EFBC}") = "Dados", "Dados\Dados.csproj", "{DA11310F-E303-4B36-B99E-6874DEEA03CD}"
EndProject
Project("{FAE04EC0-301F-11D3-BF4B-00C04F79EFBC}") = "Dominio", "Dominio\Dominio.csproj", "{8B083B6E-15B3-4411-A032-E25F8808777B}"
EndProject
Global
	GlobalSection(SolutionConfigurationPlatforms) = preSolution
		Debug|Any CPU = Debug|Any CPU
		Release|Any CPU = Release|Any CPU
	EndGlobalSection
	GlobalSection(ProjectConfigurationPlatforms) = postSolution
		{3557B2E8-D9A5-452E-AE65-36B287B22F61}.Debug|Any CPU.ActiveCfg = Debug|Any CPU
		{3557B2E8-D9A5-452E-AE65-36B287B22F61}.Debug|Any CPU.Build.0 = Debug|Any CPU
		{3557B2E8-D9A5-452E-AE65-36B287B22F61}.Release|Any CPU.ActiveCfg = Release|Any CPU
		{3557B2E8-D9A5-452E-AE65-36B287B22F61}.Release|Any CPU.Build.0 = Release|Any CPU
		{B5D5BDAE-B7AC-421F-B15E-ACF962C3F830}.Debug|Any CPU.ActiveCfg = Debug|Any CPU
		{B5D5BDAE-B7AC-421F-B15E-ACF962C3F830}.Debug|Any CPU.Build.0 = Debug|Any CPU
		{B5D5BDAE-B7AC-421F-B15E-ACF962C3F830}.Release|Any CPU.ActiveCfg = Release|Any CPU
		{B5D5BDAE-B7AC-421F-B15E-ACF962C3F830}.Release|Any CPU.Build.0 = Release|Any CPU
		{DA11310F-E303-4B36-B99E-6874DEEA03CD}.Debug|Any CPU.ActiveCfg = Debug|Any CPU
		{DA11310F-E303-4B36-B99E-6874DEEA03CD}.Debug|Any CPU.Build.0 = Debug|Any CPU
		{DA11310F-E303-4B36-B99E-6874DEEA03CD}.Release|Any CPU.ActiveCfg = Release|Any CPU
		{DA11310F-E303-4B36-B99E-6874DEEA03CD}.Release|Any CPU.Build.0 = Release|Any CPU
		{8B083B6E-15B3-4411-A032-E25F8808777B}.Debug|Any CPU.ActiveCfg = Debug|Any CPU
		{8B083B6E-15B3-4411-A032-E25F8808777B}.Debug|Any CPU.Build.0 = Debug|Any CPU
		{8B083B6E-15B3-4411-A032-E25F8808777B}.Release|Any CPU.ActiveCfg = Release|Any CPU
		{8B083B6E-15B3-4411-A032-E25F8808777B}.Release|Any CPU.Build.0 = Release|Any CPU
	EndGlobalSection
	GlobalSection(SolutionProperties) = preSolution
		HideSolutionNode = FALSE
	EndGlobalSection
	GlobalSection(ExtensibilityGlobals) = postSolution
		SolutionGuid = {56927787-595B-44C0-A94A-C10D0A4315D2}
	EndGlobalSection
EndGlobal
